
Microsoft Visual Studio Solution File, Format Version 12.00
# Visual Studio Version 17
VisualStudioVersion = 17.3.32929.385
MinimumVisualStudioVersion = 10.0.40219.1
Project("{FAE04EC0-301F-11D3-BF4B-00C04F79EFBC}") = "5.12HW", "5.12HW\5.12HW.csproj", "{53F9D178-0AE8-4CB9-AFC5-5D1017D351EF}"
EndProject
Global
	GlobalSection(SolutionConfigurationPlatforms) = preSolution
		Debug|Any CPU = Debug|Any CPU
		Release|Any CPU = Release|Any CPU
	EndGlobalSection
	GlobalSection(ProjectConfigurationPlatforms) = postSolution
		{53F9D178-0AE8-4CB9-AFC5-5D1017D351EF}.Debug|Any CPU.ActiveCfg = Debug|Any CPU
		{53F9D178-0AE8-4CB9-AFC5-5D1017D351EF}.Debug|Any CPU.Build.0 = Debug|Any CPU
		{53F9D178-0AE8-4CB9-AFC5-5D1017D351EF}.Release|Any CPU.ActiveCfg = Release|Any CPU
		{53F9D178-0AE8-4CB9-AFC5-5D1017D351EF}.Release|Any CPU.Build.0 = Release|Any CPU
	EndGlobalSection
	GlobalSection(SolutionProperties) = preSolution
		HideSolutionNode = FALSE
	EndGlobalSection
	GlobalSection(ExtensibilityGlobals) = postSolution
		SolutionGuid = {5B508EE9-A194-486E-863C-F230804D9435}
	EndGlobalSection
EndGlobal
